
Microsoft Visual Studio Solution File, Format Version 12.00
# Visual Studio 15
VisualStudioVersion = 15.0.26430.14
MinimumVisualStudioVersion = 10.0.40219.1
Project("{FAE04EC0-301F-11D3-BF4B-00C04F79EFBC}") = "GitPushr.Standard", "GitPushr.Standard/GitPushr.Standard.csproj", "{f0465cbf-c056-4890-9612-cb1bacfef04f}"
EndProject
Global
    GlobalSection(SolutionConfigurationPlatforms) = preSolution
        Debug|Any CPU = Debug|Any CPU
        Release|Any CPU = Release|Any CPU
    EndGlobalSection
    GlobalSection(ProjectConfigurationPlatforms) = postSolution
        {f0465cbf-c056-4890-9612-cb1bacfef04f}.Debug|Any CPU.ActiveCfg = Debug|Any CPU
        {f0465cbf-c056-4890-9612-cb1bacfef04f}.Debug|Any CPU.Build.0 = Debug|Any CPU
        {f0465cbf-c056-4890-9612-cb1bacfef04f}.Release|Any CPU.ActiveCfg = Release|Any CPU
        {f0465cbf-c056-4890-9612-cb1bacfef04f}.Release|Any CPU.Build.0 = Release|Any CPU
    EndGlobalSection
    GlobalSection(SolutionProperties) = preSolution
        HideSolutionNode = FALSE
    EndGlobalSection
EndGlobal
